
Microsoft Visual Studio Solution File, Format Version 12.00
# Visual Studio 2012
Project("{2150E333-8FDC-42A3-9474-1A3956D46DE8}") = "Solution Items", "Solution Items", "{92BE80A7-9616-422A-A704-DD2C09F9E058}"
	ProjectSection(SolutionItems) = preProject
		..\LICENSE = ..\LICENSE
		..\NOTICE = ..\NOTICE
		II\PPWCode.Util.OddsAndEnds.II.nuspec = II\PPWCode.Util.OddsAndEnds.II.nuspec
		..\README.md = ..\README.md
		Solution Items\SolutionInfo.cs = Solution Items\SolutionInfo.cs
	EndProjectSection
EndProject
Project("{FAE04EC0-301F-11D3-BF4B-00C04F79EFBC}") = "PPWCode.Util.OddsAndEnds.II", "II\PPWCode.Util.OddsAndEnds.II.csproj", "{66A99D74-8A8F-4509-BD57-60CC6C1F5E29}"
EndProject
Project("{FAE04EC0-301F-11D3-BF4B-00C04F79EFBC}") = "PPWCode.Util.OddsAndEnds.Test.II", "Test.II\PPWCode.Util.OddsAndEnds.Test.II.csproj", "{F0A3B7A1-1089-41BC-BB7A-8662B7495CF9}"
EndProject
Project("{2150E333-8FDC-42A3-9474-1A3956D46DE8}") = "psake", "psake", "{E23A89BE-2CDA-4F0D-967F-5049BACBBAC6}"
	ProjectSection(SolutionItems) = preProject
		..\default.ps1 = ..\default.ps1
		..\init-psake.ps1 = ..\init-psake.ps1
	EndProjectSection
EndProject
Project("{2150E333-8FDC-42A3-9474-1A3956D46DE8}") = ".nuget", ".nuget", "{44DF3370-3638-45AA-8EF8-2778E4FA1D12}"
	ProjectSection(SolutionItems) = preProject
		.nuget\packages.config = .nuget\packages.config
	EndProjectSection
EndProject
Global
	GlobalSection(SubversionScc) = preSolution
		Svn-Managed = True
		Manager = AnkhSVN - Subversion Support for Visual Studio
	EndGlobalSection
	GlobalSection(SolutionConfigurationPlatforms) = preSolution
		Debug|Any CPU = Debug|Any CPU
		DebugNoInvariants|Any CPU = DebugNoInvariants|Any CPU
		Release|Any CPU = Release|Any CPU
	EndGlobalSection
	GlobalSection(ProjectConfigurationPlatforms) = postSolution
		{66A99D74-8A8F-4509-BD57-60CC6C1F5E29}.Debug|Any CPU.ActiveCfg = Debug|Any CPU
		{66A99D74-8A8F-4509-BD57-60CC6C1F5E29}.Debug|Any CPU.Build.0 = Debug|Any CPU
		{66A99D74-8A8F-4509-BD57-60CC6C1F5E29}.DebugNoInvariants|Any CPU.ActiveCfg = DebugNoInvariants|Any CPU
		{66A99D74-8A8F-4509-BD57-60CC6C1F5E29}.DebugNoInvariants|Any CPU.Build.0 = DebugNoInvariants|Any CPU
		{66A99D74-8A8F-4509-BD57-60CC6C1F5E29}.Release|Any CPU.ActiveCfg = Release|Any CPU
		{66A99D74-8A8F-4509-BD57-60CC6C1F5E29}.Release|Any CPU.Build.0 = Release|Any CPU
		{F0A3B7A1-1089-41BC-BB7A-8662B7495CF9}.Debug|Any CPU.ActiveCfg = Debug|Any CPU
		{F0A3B7A1-1089-41BC-BB7A-8662B7495CF9}.Debug|Any CPU.Build.0 = Debug|Any CPU
		{F0A3B7A1-1089-41BC-BB7A-8662B7495CF9}.DebugNoInvariants|Any CPU.ActiveCfg = DebugNoInvariants|Any CPU
		{F0A3B7A1-1089-41BC-BB7A-8662B7495CF9}.DebugNoInvariants|Any CPU.Build.0 = DebugNoInvariants|Any CPU
		{F0A3B7A1-1089-41BC-BB7A-8662B7495CF9}.Release|Any CPU.ActiveCfg = Release|Any CPU
		{F0A3B7A1-1089-41BC-BB7A-8662B7495CF9}.Release|Any CPU.Build.0 = Release|Any CPU
	EndGlobalSection
	GlobalSection(SolutionProperties) = preSolution
		HideSolutionNode = FALSE
	EndGlobalSection
EndGlobal
